// !$*UTF8*$!
{
	archiveVersion = 1;
	classes = {
	};
	objectVersion = 46;
	objects = {

/* Begin PBXBuildFile section */
		A9B57DF21EB8A1E100585B85 /* JZTextLabel2.m in Sources */ = {isa = PBXBuildFile; fileRef = A9B57DF11EB8A1E100585B85 /* JZTextLabel2.m */; };
		A9B57DF51EB9783300585B85 /* JZCoreTextView.m in Sources */ = {isa = PBXBuildFile; fileRef = A9B57DF41EB9783300585B85 /* JZCoreTextView.m */; };
		A9B57DF81EB9812800585B85 /* JZCoreTextLabel.m in Sources */ = {isa = PBXBuildFile; fileRef = A9B57DF71EB9812800585B85 /* JZCoreTextLabel.m */; };
		A9B57DFC1EB988AA00585B85 /* JZCoreTextColumnarView.m in Sources */ = {isa = PBXBuildFile; fileRef = A9B57DFB1EB988AA00585B85 /* JZCoreTextColumnarView.m */; };
		A9B57E021EB9CA0C00585B85 /* JZCTLineBreakingView.m in Sources */ = {isa = PBXBuildFile; fileRef = A9B57E011EB9CA0C00585B85 /* JZCTLineBreakingView.m */; };
		A9B57E051EB9CCFC00585B85 /* JZBaseCoreTextView.m in Sources */ = {isa = PBXBuildFile; fileRef = A9B57E041EB9CCFC00585B85 /* JZBaseCoreTextView.m */; };
		A9B57E081EB9D35900585B85 /* JZParagraphStyleView.m in Sources */ = {isa = PBXBuildFile; fileRef = A9B57E071EB9D35900585B85 /* JZParagraphStyleView.m */; };
		A9B57E0B1EB9DF7200585B85 /* JZNonrectangularRegionView.m in Sources */ = {isa = PBXBuildFile; fileRef = A9B57E0A1EB9DF7200585B85 /* JZNonrectangularRegionView.m */; };
		A9B57E101EB9EA0000585B85 /* JZFontOperationsView.m in Sources */ = {isa = PBXBuildFile; fileRef = A9B57E0F1EB9EA0000585B85 /* JZFontOperationsView.m */; };
		A9D093D41EBB7FF9003500ED /* NSDictionary+NewsInfo.m in Sources */ = {isa = PBXBuildFile; fileRef = A9D093D31EBB7FF9003500ED /* NSDictionary+NewsInfo.m */; };
		A9D093D71EBB8040003500ED /* JZDataManager.m in Sources */ = {isa = PBXBuildFile; fileRef = A9D093D61EBB8040003500ED /* JZDataManager.m */; };
		A9EF27141EA9FF0E00827BB4 /* main.m in Sources */ = {isa = PBXBuildFile; fileRef = A9EF27131EA9FF0E00827BB4 /* main.m */; };
		A9EF27171EA9FF0E00827BB4 /* AppDelegate.m in Sources */ = {isa = PBXBuildFile; fileRef = A9EF27161EA9FF0E00827BB4 /* AppDelegate.m */; };
		A9EF271A1EA9FF0E00827BB4 /* ViewController.m in Sources */ = {isa = PBXBuildFile; fileRef = A9EF27191EA9FF0E00827BB4 /* ViewController.m */; };
		A9EF271D1EA9FF0E00827BB4 /* Main.storyboard in Resources */ = {isa = PBXBuildFile; fileRef = A9EF271B1EA9FF0E00827BB4 /* Main.storyboard */; };
		A9EF271F1EA9FF0E00827BB4 /* Assets.xcassets in Resources */ = {isa = PBXBuildFile; fileRef = A9EF271E1EA9FF0E00827BB4 /* Assets.xcassets */; };
		A9EF27221EA9FF0E00827BB4 /* LaunchScreen.storyboard in Resources */ = {isa = PBXBuildFile; fileRef = A9EF27201EA9FF0E00827BB4 /* LaunchScreen.storyboard */; };
		A9EF272B1EAA0CB000827BB4 /* JZTextLabel.m in Sources */ = {isa = PBXBuildFile; fileRef = A9EF272A1EAA0CB000827BB4 /* JZTextLabel.m */; };
		A9EF272D1EAA1ACD00827BB4 /* 1.jpg in Resources */ = {isa = PBXBuildFile; fileRef = A9EF272C1EAA1ACD00827BB4 /* 1.jpg */; };
/* End PBXBuildFile section */

/* Begin PBXFileReference section */
		A9B57DF01EB8A1E100585B85 /* JZTextLabel2.h */ = {isa = PBXFileReference; fileEncoding = 4; lastKnownFileType = sourcecode.c.h; path = JZTextLabel2.h; sourceTree = "<group>"; };
		A9B57DF11EB8A1E100585B85 /* JZTextLabel2.m */ = {isa = PBXFileReference; fileEncoding = 4; lastKnownFileType = sourcecode.c.objc; path = JZTextLabel2.m; sourceTree = "<group>"; };
		A9B57DF31EB9783300585B85 /* JZCoreTextView.h */ = {isa = PBXFileReference; fileEncoding = 4; lastKnownFileType = sourcecode.c.h; path = JZCoreTextView.h; sourceTree = "<group>"; };
		A9B57DF41EB9783300585B85 /* JZCoreTextView.m */ = {isa = PBXFileReference; fileEncoding = 4; lastKnownFileType = sourcecode.c.objc; path = JZCoreTextView.m; sourceTree = "<group>"; };
		A9B57DF61EB9812800585B85 /* JZCoreTextLabel.h */ = {isa = PBXFileReference; fileEncoding = 4; lastKnownFileType = sourcecode.c.h; path = JZCoreTextLabel.h; sourceTree = "<group>"; };
		A9B57DF71EB9812800585B85 /* JZCoreTextLabel.m */ = {isa = PBXFileReference; fileEncoding = 4; lastKnownFileType = sourcecode.c.objc; path = JZCoreTextLabel.m; sourceTree = "<group>"; };
		A9B57DFA1EB988AA00585B85 /* JZCoreTextColumnarView.h */ = {isa = PBXFileReference; fileEncoding = 4; lastKnownFileType = sourcecode.c.h; path = JZCoreTextColumnarView.h; sourceTree = "<group>"; };
		A9B57DFB1EB988AA00585B85 /* JZCoreTextColumnarView.m */ = {isa = PBXFileReference; fileEncoding = 4; lastKnownFileType = sourcecode.c.objc; path = JZCoreTextColumnarView.m; sourceTree = "<group>"; };
		A9B57E001EB9CA0C00585B85 /* JZCTLineBreakingView.h */ = {isa = PBXFileReference; fileEncoding = 4; lastKnownFileType = sourcecode.c.h; path = JZCTLineBreakingView.h; sourceTree = "<group>"; };
		A9B57E011EB9CA0C00585B85 /* JZCTLineBreakingView.m */ = {isa = PBXFileReference; fileEncoding = 4; lastKnownFileType = sourcecode.c.objc; path = JZCTLineBreakingView.m; sourceTree = "<group>"; };
		A9B57E031EB9CCFC00585B85 /* JZBaseCoreTextView.h */ = {isa = PBXFileReference; fileEncoding = 4; lastKnownFileType = sourcecode.c.h; path = JZBaseCoreTextView.h; sourceTree = "<group>"; };
		A9B57E041EB9CCFC00585B85 /* JZBaseCoreTextView.m */ = {isa = PBXFileReference; fileEncoding = 4; lastKnownFileType = sourcecode.c.objc; path = JZBaseCoreTextView.m; sourceTree = "<group>"; };
		A9B57E061EB9D35900585B85 /* JZParagraphStyleView.h */ = {isa = PBXFileReference; fileEncoding = 4; lastKnownFileType = sourcecode.c.h; path = JZParagraphStyleView.h; sourceTree = "<group>"; };
		A9B57E071EB9D35900585B85 /* JZParagraphStyleView.m */ = {isa = PBXFileReference; fileEncoding = 4; lastKnownFileType = sourcecode.c.objc; path = JZParagraphStyleView.m; sourceTree = "<group>"; };
		A9B57E091EB9DF7200585B85 /* JZNonrectangularRegionView.h */ = {isa = PBXFileReference; fileEncoding = 4; lastKnownFileType = sourcecode.c.h; path = JZNonrectangularRegionView.h; sourceTree = "<group>"; };
		A9B57E0A1EB9DF7200585B85 /* JZNonrectangularRegionView.m */ = {isa = PBXFileReference; fileEncoding = 4; lastKnownFileType = sourcecode.c.objc; path = JZNonrectangularRegionView.m; sourceTree = "<group>"; };
		A9B57E0E1EB9EA0000585B85 /* JZFontOperationsView.h */ = {isa = PBXFileReference; fileEncoding = 4; lastKnownFileType = sourcecode.c.h; path = JZFontOperationsView.h; sourceTree = "<group>"; };
		A9B57E0F1EB9EA0000585B85 /* JZFontOperationsView.m */ = {isa = PBXFileReference; fileEncoding = 4; lastKnownFileType = sourcecode.c.objc; path = JZFontOperationsView.m; sourceTree = "<group>"; };
		A9D093D21EBB7FF9003500ED /* NSDictionary+NewsInfo.h */ = {isa = PBXFileReference; fileEncoding = 4; lastKnownFileType = sourcecode.c.h; path = "NSDictionary+NewsInfo.h"; sourceTree = "<group>"; };
		A9D093D31EBB7FF9003500ED /* NSDictionary+NewsInfo.m */ = {isa = PBXFileReference; fileEncoding = 4; lastKnownFileType = sourcecode.c.objc; path = "NSDictionary+NewsInfo.m"; sourceTree = "<group>"; };
		A9D093D51EBB8040003500ED /* JZDataManager.h */ = {isa = PBXFileReference; fileEncoding = 4; lastKnownFileType = sourcecode.c.h; path = JZDataManager.h; sourceTree = "<group>"; };
		A9D093D61EBB8040003500ED /* JZDataManager.m */ = {isa = PBXFileReference; fileEncoding = 4; lastKnownFileType = sourcecode.c.objc; path = JZDataManager.m; sourceTree = "<group>"; };
		A9EF270F1EA9FF0E00827BB4 /* JZCoreTextDemo.app */ = {isa = PBXFileReference; explicitFileType = wrapper.application; includeInIndex = 0; path = JZCoreTextDemo.app; sourceTree = BUILT_PRODUCTS_DIR; };
		A9EF27131EA9FF0E00827BB4 /* main.m */ = {isa = PBXFileReference; lastKnownFileType = sourcecode.c.objc; path = main.m; sourceTree = "<group>"; };
		A9EF27151EA9FF0E00827BB4 /* AppDelegate.h */ = {isa = PBXFileReference; lastKnownFileType = sourcecode.c.h; path = AppDelegate.h; sourceTree = "<group>"; };
		A9EF27161EA9FF0E00827BB4 /* AppDelegate.m */ = {isa = PBXFileReference; lastKnownFileType = sourcecode.c.objc; path = AppDelegate.m; sourceTree = "<group>"; };
		A9EF27181EA9FF0E00827BB4 /* ViewController.h */ = {isa = PBXFileReference; lastKnownFileType = sourcecode.c.h; path = ViewController.h; sourceTree = "<group>"; };
		A9EF27191EA9FF0E00827BB4 /* ViewController.m */ = {isa = PBXFileReference; lastKnownFileType = sourcecode.c.objc; path = ViewController.m; sourceTree = "<group>"; };
		A9EF271C1EA9FF0E00827BB4 /* Base */ = {isa = PBXFileReference; lastKnownFileType = file.storyboard; name = Base; path = Base.lproj/Main.storyboard; sourceTree = "<group>"; };
		A9EF271E1EA9FF0E00827BB4 /* Assets.xcassets */ = {isa = PBXFileReference; lastKnownFileType = folder.assetcatalog; path = Assets.xcassets; sourceTree = "<group>"; };
		A9EF27211EA9FF0E00827BB4 /* Base */ = {isa = PBXFileReference; lastKnownFileType = file.storyboard; name = Base; path = Base.lproj/LaunchScreen.storyboard; sourceTree = "<group>"; };
		A9EF27231EA9FF0E00827BB4 /* Info.plist */ = {isa = PBXFileReference; lastKnownFileType = text.plist.xml; path = Info.plist; sourceTree = "<group>"; };
		A9EF27291EAA0CB000827BB4 /* JZTextLabel.h */ = {isa = PBXFileReference; fileEncoding = 4; lastKnownFileType = sourcecode.c.h; path = JZTextLabel.h; sourceTree = "<group>"; };
		A9EF272A1EAA0CB000827BB4 /* JZTextLabel.m */ = {isa = PBXFileReference; fileEncoding = 4; lastKnownFileType = sourcecode.c.objc; path = JZTextLabel.m; sourceTree = "<group>"; };
		A9EF272C1EAA1ACD00827BB4 /* 1.jpg */ = {isa = PBXFileReference; lastKnownFileType = image.jpeg; path = 1.jpg; sourceTree = "<group>"; };
/* End PBXFileReference section */

/* Begin PBXFrameworksBuildPhase section */
		A9EF270C1EA9FF0E00827BB4 /* Frameworks */ = {
			isa = PBXFrameworksBuildPhase;
			buildActionMask = 2147483647;
			files = (
			);
			runOnlyForDeploymentPostprocessing = 0;
		};
/* End PBXFrameworksBuildPhase section */

/* Begin PBXGroup section */
		A9B57DF91EB981A700585B85 /* TestView */ = {
			isa = PBXGroup;
			children = (
				A9EF27291EAA0CB000827BB4 /* JZTextLabel.h */,
				A9EF272A1EAA0CB000827BB4 /* JZTextLabel.m */,
				A9B57DF01EB8A1E100585B85 /* JZTextLabel2.h */,
				A9B57DF11EB8A1E100585B85 /* JZTextLabel2.m */,
			);
			name = TestView;
			sourceTree = "<group>";
		};
		A9B57E0C1EB9E93C00585B85 /* CommonTextLayoutOperations */ = {
			isa = PBXGroup;
			children = (
				A9B57DF31EB9783300585B85 /* JZCoreTextView.h */,
				A9B57DF41EB9783300585B85 /* JZCoreTextView.m */,
				A9B57DF61EB9812800585B85 /* JZCoreTextLabel.h */,
				A9B57DF71EB9812800585B85 /* JZCoreTextLabel.m */,
				A9B57E031EB9CCFC00585B85 /* JZBaseCoreTextView.h */,
				A9B57E041EB9CCFC00585B85 /* JZBaseCoreTextView.m */,
				A9B57DFA1EB988AA00585B85 /* JZCoreTextColumnarView.h */,
				A9B57DFB1EB988AA00585B85 /* JZCoreTextColumnarView.m */,
				A9B57E001EB9CA0C00585B85 /* JZCTLineBreakingView.h */,
				A9B57E011EB9CA0C00585B85 /* JZCTLineBreakingView.m */,
				A9B57E061EB9D35900585B85 /* JZParagraphStyleView.h */,
				A9B57E071EB9D35900585B85 /* JZParagraphStyleView.m */,
				A9B57E091EB9DF7200585B85 /* JZNonrectangularRegionView.h */,
				A9B57E0A1EB9DF7200585B85 /* JZNonrectangularRegionView.m */,
			);
			name = CommonTextLayoutOperations;
			sourceTree = "<group>";
		};
		A9B57E0D1EB9E96400585B85 /* CommonFontOperations */ = {
			isa = PBXGroup;
			children = (
				A9B57E0E1EB9EA0000585B85 /* JZFontOperationsView.h */,
				A9B57E0F1EB9EA0000585B85 /* JZFontOperationsView.m */,
			);
			name = CommonFontOperations;
			sourceTree = "<group>";
		};
		A9D093D11EBB7FCE003500ED /* Model */ = {
			isa = PBXGroup;
			children = (
				A9D093D21EBB7FF9003500ED /* NSDictionary+NewsInfo.h */,
				A9D093D31EBB7FF9003500ED /* NSDictionary+NewsInfo.m */,
				A9D093D51EBB8040003500ED /* JZDataManager.h */,
				A9D093D61EBB8040003500ED /* JZDataManager.m */,
			);
			name = Model;
			sourceTree = "<group>";
		};
		A9EF27061EA9FF0E00827BB4 = {
			isa = PBXGroup;
			children = (
				A9EF27111EA9FF0E00827BB4 /* JZCoreTextDemo */,
				A9EF27101EA9FF0E00827BB4 /* Products */,
			);
			sourceTree = "<group>";
		};
		A9EF27101EA9FF0E00827BB4 /* Products */ = {
			isa = PBXGroup;
			children = (
				A9EF270F1EA9FF0E00827BB4 /* JZCoreTextDemo.app */,
			);
			name = Products;
			sourceTree = "<group>";
		};
		A9EF27111EA9FF0E00827BB4 /* JZCoreTextDemo */ = {
			isa = PBXGroup;
			children = (
				A9D093D11EBB7FCE003500ED /* Model */,
				A9B57E0D1EB9E96400585B85 /* CommonFontOperations */,
				A9B57E0C1EB9E93C00585B85 /* CommonTextLayoutOperations */,
				A9B57DF91EB981A700585B85 /* TestView */,
				A9EF27181EA9FF0E00827BB4 /* ViewController.h */,
				A9EF27191EA9FF0E00827BB4 /* ViewController.m */,
				A9EF271B1EA9FF0E00827BB4 /* Main.storyboard */,
				A9EF271E1EA9FF0E00827BB4 /* Assets.xcassets */,
				A9EF27201EA9FF0E00827BB4 /* LaunchScreen.storyboard */,
				A9EF272C1EAA1ACD00827BB4 /* 1.jpg */,
				A9EF27231EA9FF0E00827BB4 /* Info.plist */,
				A9EF27121EA9FF0E00827BB4 /* Supporting Files */,
			);
			path = JZCoreTextDemo;
			sourceTree = "<group>";
		};
		A9EF27121EA9FF0E00827BB4 /* Supporting Files */ = {
			isa = PBXGroup;
			children = (
				A9EF27151EA9FF0E00827BB4 /* AppDelegate.h */,
				A9EF27161EA9FF0E00827BB4 /* AppDelegate.m */,
				A9EF27131EA9FF0E00827BB4 /* main.m */,
			);
			name = "Supporting Files";
			sourceTree = "<group>";
		};
/* End PBXGroup section */

/* Begin PBXNativeTarget section */
		A9EF270E1EA9FF0E00827BB4 /* JZCoreTextDemo */ = {
			isa = PBXNativeTarget;
			buildConfigurationList = A9EF27261EA9FF0E00827BB4 /* Build configuration list for PBXNativeTarget "JZCoreTextDemo" */;
			buildPhases = (
				A9EF270B1EA9FF0E00827BB4 /* Sources */,
				A9EF270C1EA9FF0E00827BB4 /* Frameworks */,
				A9EF270D1EA9FF0E00827BB4 /* Resources */,
			);
			buildRules = (
			);
			dependencies = (
			);
			name = JZCoreTextDemo;
			productName = JZCoreTextDemo;
			productReference = A9EF270F1EA9FF0E00827BB4 /* JZCoreTextDemo.app */;
			productType = "com.apple.product-type.application";
		};
/* End PBXNativeTarget section */

/* Begin PBXProject section */
		A9EF27071EA9FF0E00827BB4 /* Project object */ = {
			isa = PBXProject;
			attributes = {
				LastUpgradeCheck = 0820;
				ORGANIZATIONNAME = Chenjz;
				TargetAttributes = {
					A9EF270E1EA9FF0E00827BB4 = {
						CreatedOnToolsVersion = 8.2;
						ProvisioningStyle = Automatic;
					};
				};
			};
			buildConfigurationList = A9EF270A1EA9FF0E00827BB4 /* Build configuration list for PBXProject "JZCoreTextDemo" */;
			compatibilityVersion = "Xcode 3.2";
			developmentRegion = English;
			hasScannedForEncodings = 0;
			knownRegions = (
				en,
				Base,
			);
			mainGroup = A9EF27061EA9FF0E00827BB4;
			productRefGroup = A9EF27101EA9FF0E00827BB4 /* Products */;
			projectDirPath = "";
			projectRoot = "";
			targets = (
				A9EF270E1EA9FF0E00827BB4 /* JZCoreTextDemo */,
			);
		};
/* End PBXProject section */

/* Begin PBXResourcesBuildPhase section */
		A9EF270D1EA9FF0E00827BB4 /* Resources */ = {
			isa = PBXResourcesBuildPhase;
			buildActionMask = 2147483647;
			files = (
				A9EF27221EA9FF0E00827BB4 /* LaunchScreen.storyboard in Resources */,
				A9EF272D1EAA1ACD00827BB4 /* 1.jpg in Resources */,
				A9EF271F1EA9FF0E00827BB4 /* Assets.xcassets in Resources */,
				A9EF271D1EA9FF0E00827BB4 /* Main.storyboard in Resources */,
			);
			runOnlyForDeploymentPostprocessing = 0;
		};
/* End PBXResourcesBuildPhase section */

/* Begin PBXSourcesBuildPhase section */
		A9EF270B1EA9FF0E00827BB4 /* Sources */ = {
			isa = PBXSourcesBuildPhase;
			buildActionMask = 2147483647;
			files = (
				A9B57DF81EB9812800585B85 /* JZCoreTextLabel.m in Sources */,
				A9B57DFC1EB988AA00585B85 /* JZCoreTextColumnarView.m in Sources */,
				A9EF271A1EA9FF0E00827BB4 /* ViewController.m in Sources */,
				A9B57E081EB9D35900585B85 /* JZParagraphStyleView.m in Sources */,
				A9EF272B1EAA0CB000827BB4 /* JZTextLabel.m in Sources */,
				A9D093D41EBB7FF9003500ED /* NSDictionary+NewsInfo.m in Sources */,
				A9B57E0B1EB9DF7200585B85 /* JZNonrectangularRegionView.m in Sources */,
				A9B57E021EB9CA0C00585B85 /* JZCTLineBreakingView.m in Sources */,
				A9D093D71EBB8040003500ED /* JZDataManager.m in Sources */,
				A9B57DF51EB9783300585B85 /* JZCoreTextView.m in Sources */,
				A9EF27171EA9FF0E00827BB4 /* AppDelegate.m in Sources */,
				A9EF27141EA9FF0E00827BB4 /* main.m in Sources */,
				A9B57DF21EB8A1E100585B85 /* JZTextLabel2.m in Sources */,
				A9B57E051EB9CCFC00585B85 /* JZBaseCoreTextView.m in Sources */,
				A9B57E101EB9EA0000585B85 /* JZFontOperationsView.m in Sources */,
			);
			runOnlyForDeploymentPostprocessing = 0;
		};
/* End PBXSourcesBuildPhase section */

/* Begin PBXVariantGroup section */
		A9EF271B1EA9FF0E00827BB4 /* Main.storyboard */ = {
			isa = PBXVariantGroup;
			children = (
				A9EF271C1EA9FF0E00827BB4 /* Base */,
			);
			name = Main.storyboard;
			sourceTree = "<group>";
		};
		A9EF27201EA9FF0E00827BB4 /* LaunchScreen.storyboard */ = {
			isa = PBXVariantGroup;
			children = (
				A9EF27211EA9FF0E00827BB4 /* Base */,
			);
			name = LaunchScreen.storyboard;
			sourceTree = "<group>";
		};
/* End PBXVariantGroup section */

/* Begin XCBuildConfiguration section */
		A9EF27241EA9FF0E00827BB4 /* Debug */ = {
			isa = XCBuildConfiguration;
			buildSettings = {
				ALWAYS_SEARCH_USER_PATHS = NO;
				CLANG_ANALYZER_NONNULL = YES;
				CLANG_CXX_LANGUAGE_STANDARD = "gnu++0x";
				CLANG_CXX_LIBRARY = "libc++";
				CLANG_ENABLE_MODULES = YES;
				CLANG_ENABLE_OBJC_ARC = YES;
				CLANG_WARN_BOOL_CONVERSION = YES;
				CLANG_WARN_CONSTANT_CONVERSION = YES;
				CLANG_WARN_DIRECT_OBJC_ISA_USAGE = YES_ERROR;
				CLANG_WARN_DOCUMENTATION_COMMENTS = YES;
				CLANG_WARN_EMPTY_BODY = YES;
				CLANG_WARN_ENUM_CONVERSION = YES;
				CLANG_WARN_INFINITE_RECURSION = YES;
				CLANG_WARN_INT_CONVERSION = YES;
				CLANG_WARN_OBJC_ROOT_CLASS = YES_ERROR;
				CLANG_WARN_SUSPICIOUS_MOVE = YES;
				CLANG_WARN_UNREACHABLE_CODE = YES;
				CLANG_WARN__DUPLICATE_METHOD_MATCH = YES;
				"CODE_SIGN_IDENTITY[sdk=iphoneos*]" = "iPhone Developer";
				COPY_PHASE_STRIP = NO;
				DEBUG_INFORMATION_FORMAT = dwarf;
				ENABLE_STRICT_OBJC_MSGSEND = YES;
				ENABLE_TESTABILITY = YES;
				GCC_C_LANGUAGE_STANDARD = gnu99;
				GCC_DYNAMIC_NO_PIC = NO;
				GCC_NO_COMMON_BLOCKS = YES;
				GCC_OPTIMIZATION_LEVEL = 0;
				GCC_PREPROCESSOR_DEFINITIONS = (
					"DEBUG=1",
					"$(inherited)",
				);
				GCC_WARN_64_TO_32_BIT_CONVERSION = YES;
				GCC_WARN_ABOUT_RETURN_TYPE = YES_ERROR;
				GCC_WARN_UNDECLARED_SELECTOR = YES;
				GCC_WARN_UNINITIALIZED_AUTOS = YES_AGGRESSIVE;
				GCC_WARN_UNUSED_FUNCTION = YES;
				GCC_WARN_UNUSED_VARIABLE = YES;
				IPHONEOS_DEPLOYMENT_TARGET = 10.2;
				MTL_ENABLE_DEBUG_INFO = YES;
				ONLY_ACTIVE_ARCH = YES;
				SDKROOT = iphoneos;
			};
			name = Debug;
		};
		A9EF27251EA9FF0E00827BB4 /* Release */ = {
			isa = XCBuildConfiguration;
			buildSettings = {
				ALWAYS_SEARCH_USER_PATHS = NO;
				CLANG_ANALYZER_NONNULL = YES;
				CLANG_CXX_LANGUAGE_STANDARD = "gnu++0x";
				CLANG_CXX_LIBRARY = "libc++";
				CLANG_ENABLE_MODULES = YES;
				CLANG_ENABLE_OBJC_ARC = YES;
				CLANG_WARN_BOOL_CONVERSION = YES;
				CLANG_WARN_CONSTANT_CONVERSION = YES;
				CLANG_WARN_DIRECT_OBJC_ISA_USAGE = YES_ERROR;
				CLANG_WARN_DOCUMENTATION_COMMENTS = YES;
				CLANG_WARN_EMPTY_BODY = YES;
				CLANG_WARN_ENUM_CONVERSION = YES;
				CLANG_WARN_INFINITE_RECURSION = YES;
				CLANG_WARN_INT_CONVERSION = YES;
				CLANG_WARN_OBJC_ROOT_CLASS = YES_ERROR;
				CLANG_WARN_SUSPICIOUS_MOVE = YES;
				CLANG_WARN_UNREACHABLE_CODE = YES;
				CLANG_WARN__DUPLICATE_METHOD_MATCH = YES;
				"CODE_SIGN_IDENTITY[sdk=iphoneos*]" = "iPhone Developer";
				COPY_PHASE_STRIP = NO;
				DEBUG_INFORMATION_FORMAT = "dwarf-with-dsym";
				ENABLE_NS_ASSERTIONS = NO;
				ENABLE_STRICT_OBJC_MSGSEND = YES;
				GCC_C_LANGUAGE_STANDARD = gnu99;
				GCC_NO_COMMON_BLOCKS = YES;
				GCC_WARN_64_TO_32_BIT_CONVERSION = YES;
				GCC_WARN_ABOUT_RETURN_TYPE = YES_ERROR;
				GCC_WARN_UNDECLARED_SELECTOR = YES;
				GCC_WARN_UNINITIALIZED_AUTOS = YES_AGGRESSIVE;
				GCC_WARN_UNUSED_FUNCTION = YES;
				GCC_WARN_UNUSED_VARIABLE = YES;
				IPHONEOS_DEPLOYMENT_TARGET = 10.2;
				MTL_ENABLE_DEBUG_INFO = NO;
				SDKROOT = iphoneos;
				VALIDATE_PRODUCT = YES;
			};
			name = Release;
		};
		A9EF27271EA9FF0E00827BB4 /* Debug */ = {
			isa = XCBuildConfiguration;
			buildSettings = {
				ASSETCATALOG_COMPILER_APPICON_NAME = AppIcon;
				INFOPLIST_FILE = JZCoreTextDemo/Info.plist;
				LD_RUNPATH_SEARCH_PATHS = "$(inherited) @executable_path/Frameworks";
				PRODUCT_BUNDLE_IDENTIFIER = JZ.JZCoreTextDemo;
				PRODUCT_NAME = "$(TARGET_NAME)";
			};
			name = Debug;
		};
		A9EF27281EA9FF0E00827BB4 /* Release */ = {
			isa = XCBuildConfiguration;
			buildSettings = {
				ASSETCATALOG_COMPILER_APPICON_NAME = AppIcon;
				INFOPLIST_FILE = JZCoreTextDemo/Info.plist;
				LD_RUNPATH_SEARCH_PATHS = "$(inherited) @executable_path/Frameworks";
				PRODUCT_BUNDLE_IDENTIFIER = JZ.JZCoreTextDemo;
				PRODUCT_NAME = "$(TARGET_NAME)";
			};
			name = Release;
		};
/* End XCBuildConfiguration section */

/* Begin XCConfigurationList section */
		A9EF270A1EA9FF0E00827BB4 /* Build configuration list for PBXProject "JZCoreTextDemo" */ = {
			isa = XCConfigurationList;
			buildConfigurations = (
				A9EF27241EA9FF0E00827BB4 /* Debug */,
				A9EF27251EA9FF0E00827BB4 /* Release */,
			);
			defaultConfigurationIsVisible = 0;
			defaultConfigurationName = Release;
		};
		A9EF27261EA9FF0E00827BB4 /* Build configuration list for PBXNativeTarget "JZCoreTextDemo" */ = {
			isa = XCConfigurationList;
			buildConfigurations = (
				A9EF27271EA9FF0E00827BB4 /* Debug */,
				A9EF27281EA9FF0E00827BB4 /* Release */,
			);
			defaultConfigurationIsVisible = 0;
			defaultConfigurationName = Release;
		};
/* End XCConfigurationList section */
	};
	rootObject = A9EF27071EA9FF0E00827BB4 /* Project object */;
}
